<?xml version="1.0" encoding="UTF-8"?>
<Scheme
   LastUpgradeVersion = "0940"
   version = "1.3">
   <BuildAction
      parallelizeBuildables = "YES"
      buildImplicitDependencies = "YES">
      <BuildActionEntries>
         <BuildActionEntry
            buildForTesting = "YES"
            buildForRunning = "YES"
            buildForProfiling = "YES"
            buildForArchiving = "YES"
            buildForAnalyzing = "YES">
            <BuildableReference
               BuildableIdentifier = "primary"
               BlueprintIdentifier = "5C7BFB3A21128E7C004DE4F2"
               BuildableName = "BikeRideApp.app"
               BlueprintName = "BikeRideApp"
               ReferencedContainer = "container:BikeRideApp.xcodeproj">
            </BuildableReference>
         </BuildActionEntry>
      </BuildActionEntries>
   </BuildAction>
   <TestAction
      buildConfiguration = "Debug"
      selectedDebuggerIdentifier = "Xcode.DebuggerFoundation.Debugger.LLDB"
      selectedLauncherIdentifier = "Xcode.DebuggerFoundation.Launcher.LLDB"
      shouldUseLaunchSchemeArgsEnv = "YES">
      <Testables>
         <TestableReference
            skipped = "NO">
            <BuildableReference
               BuildableIdentifier = "primary"
               BlueprintIdentifier = "5C7BFB5121128E84004DE4F2"
               BuildableName = "BikeRideAppTests.xctest"
               BlueprintName = "BikeRideAppTests"
               ReferencedContainer = "container:BikeRideApp.xcodeproj">
            </BuildableReference>
            <SkippedTests>
               <Test
                  Identifier = "BikeRideAppTests/testElapsedDistance()">
               </Test>
               <Test
                  Identifier = "BikeRideAppTests/testSaveRide()">
               </Test>
               <Test
                  Identifier = "BikeRideAppTests/testTimer()">
               </Test>
            </SkippedTests>
         </TestableReference>
         <TestableReference
            skipped = "NO">
            <BuildableReference
               BuildableIdentifier = "primary"
               BlueprintIdentifier = "5C7BFB5C21128E84004DE4F2"
               BuildableName = "BikeRideAppUITests.xctest"
               BlueprintName = "BikeRideAppUITests"
               ReferencedContainer = "container:BikeRideApp.xcodeproj">
            </BuildableReference>
            <SkippedTests>
               <Test
                  Identifier = "BikeRideAppUITests/testCloseRideCellAlertBox()">
               </Test>
               <Test
                  Identifier = "BikeRideAppUITests/testDeleteSwipeRideCell()">
               </Test>
               <Test
                  Identifier = "BikeRideAppUITests/testExpandRideCell()">
               </Test>
               <Test
                  Identifier = "BikeRideAppUITests/testResetButton()">
               </Test>
               <Test
                  Identifier = "BikeRideAppUITests/testSaveRideButton()">
               </Test>
               <Test
                  Identifier = "BikeRideAppUITests/testStartRideButton()">
               </Test>
               <Test
                  Identifier = "BikeRideAppUITests/testStopRideButton()">
               </Test>
            </SkippedTests>
         </TestableReference>
      </Testables>
      <MacroExpansion>
         <BuildableReference
            BuildableIdentifier = "primary"
            BlueprintIdentifier = "5C7BFB3A21128E7C004DE4F2"
            BuildableName = "BikeRideApp.app"
            BlueprintName = "BikeRideApp"
            ReferencedContainer = "container:BikeRideApp.xcodeproj">
         </BuildableReference>
      </MacroExpansion>
      <AdditionalOptions>
         <AdditionalOption
            key = "NSZombieEnabled"
            value = "YES"
            isEnabled = "YES">
         </AdditionalOption>
      </AdditionalOptions>
   </TestAction>
   <LaunchAction
      buildConfiguration = "Debug"
      selectedDebuggerIdentifier = "Xcode.DebuggerFoundation.Debugger.LLDB"
      selectedLauncherIdentifier = "Xcode.DebuggerFoundation.Launcher.LLDB"
      launchStyle = "0"
      useCustomWorkingDirectory = "NO"
      ignoresPersistentStateOnLaunch = "NO"
      debugDocumentVersioning = "YES"
      debugServiceExtension = "internal"
      allowLocationSimulation = "YES">
      <BuildableProductRunnable
         runnableDebuggingMode = "0">
         <BuildableReference
            BuildableIdentifier = "primary"
            BlueprintIdentifier = "5C7BFB3A21128E7C004DE4F2"
            BuildableName = "BikeRideApp.app"
            BlueprintName = "BikeRideApp"
            ReferencedContainer = "container:BikeRideApp.xcodeproj">
         </BuildableReference>
      </BuildableProductRunnable>
      <AdditionalOptions>
         <AdditionalOption
            key = "NSZombieEnabled"
            value = "YES"
            isEnabled = "YES">
         </AdditionalOption>
      </AdditionalOptions>
   </LaunchAction>
   <ProfileAction
      buildConfiguration = "Release"
      shouldUseLaunchSchemeArgsEnv = "YES"
      savedToolIdentifier = ""
      useCustomWorkingDirectory = "NO"
      debugDocumentVersioning = "YES">
      <BuildableProductRunnable
         runnableDebuggingMode = "0">
         <BuildableReference
            BuildableIdentifier = "primary"
            BlueprintIdentifier = "5C7BFB3A21128E7C004DE4F2"
            BuildableName = "BikeRideApp.app"
            BlueprintName = "BikeRideApp"
            ReferencedContainer = "container:BikeRideApp.xcodeproj">
         </BuildableReference>
      </BuildableProductRunnable>
   </ProfileAction>
   <AnalyzeAction
      buildConfiguration = "Debug">
   </AnalyzeAction>
   <ArchiveAction
      buildConfiguration = "Release"
      revealArchiveInOrganizer = "YES">
   </ArchiveAction>
</Scheme>
